
Microsoft Visual Studio Solution File, Format Version 11.00
# Visual Basic Express 2010
Project("{F184B08F-C81C-45F6-A57F-5ABD9991F28F}") = "Míní Launcher", "Míní Launcher.vbproj", "{E82AA661-0761-4702-AB35-DCD969413B68}"
EndProject
Project("{F184B08F-C81C-45F6-A57F-5ABD9991F28F}") = "updater", "..\updater\updater.vbproj", "{41D7EBB2-634D-4975-9744-DFA3F33568BF}"
EndProject
Project("{F184B08F-C81C-45F6-A57F-5ABD9991F28F}") = "Míní Launcher Elder", "..\Míní Launcher Elder\Míní Launcher Elder\Míní Launcher Elder.vbproj", "{8142AF68-2907-406D-B75A-75D3BD207B6E}"
EndProject
Project("{F184B08F-C81C-45F6-A57F-5ABD9991F28F}") = "Migrate", "..\ElderUpdater\ElderUpdater\Migrate.vbproj", "{038ACFB4-38DF-4AAA-80D7-F9171008C6B8}"
EndProject
Global
	GlobalSection(SolutionConfigurationPlatforms) = preSolution
		Debug|x86 = Debug|x86
		Release|x86 = Release|x86
	EndGlobalSection
	GlobalSection(ProjectConfigurationPlatforms) = postSolution
		{E82AA661-0761-4702-AB35-DCD969413B68}.Debug|x86.ActiveCfg = Debug|x86
		{E82AA661-0761-4702-AB35-DCD969413B68}.Debug|x86.Build.0 = Debug|x86
		{E82AA661-0761-4702-AB35-DCD969413B68}.Release|x86.ActiveCfg = Release|x86
		{E82AA661-0761-4702-AB35-DCD969413B68}.Release|x86.Build.0 = Release|x86
		{41D7EBB2-634D-4975-9744-DFA3F33568BF}.Debug|x86.ActiveCfg = Debug|x86
		{41D7EBB2-634D-4975-9744-DFA3F33568BF}.Debug|x86.Build.0 = Debug|x86
		{41D7EBB2-634D-4975-9744-DFA3F33568BF}.Release|x86.ActiveCfg = Release|x86
		{41D7EBB2-634D-4975-9744-DFA3F33568BF}.Release|x86.Build.0 = Release|x86
		{8142AF68-2907-406D-B75A-75D3BD207B6E}.Debug|x86.ActiveCfg = Debug|x86
		{8142AF68-2907-406D-B75A-75D3BD207B6E}.Debug|x86.Build.0 = Debug|x86
		{8142AF68-2907-406D-B75A-75D3BD207B6E}.Release|x86.ActiveCfg = Release|x86
		{8142AF68-2907-406D-B75A-75D3BD207B6E}.Release|x86.Build.0 = Release|x86
		{038ACFB4-38DF-4AAA-80D7-F9171008C6B8}.Debug|x86.ActiveCfg = Debug|x86
		{038ACFB4-38DF-4AAA-80D7-F9171008C6B8}.Debug|x86.Build.0 = Debug|x86
		{038ACFB4-38DF-4AAA-80D7-F9171008C6B8}.Release|x86.ActiveCfg = Release|x86
		{038ACFB4-38DF-4AAA-80D7-F9171008C6B8}.Release|x86.Build.0 = Release|x86
	EndGlobalSection
	GlobalSection(SolutionProperties) = preSolution
		HideSolutionNode = FALSE
	EndGlobalSection
EndGlobal
